
Microsoft Visual Studio Solution File, Format Version 12.00
# Visual Studio Version 17
VisualStudioVersion = 17.9.34728.123
MinimumVisualStudioVersion = 10.0.40219.1
Project("{FAE04EC0-301F-11D3-BF4B-00C04F79EFBC}") = "classwork26.1", "classwork26.1.csproj", "{6E98D860-531E-4BF0-91F8-70D569D18A44}"
EndProject
Global
	GlobalSection(SolutionConfigurationPlatforms) = preSolution
		Debug|Any CPU = Debug|Any CPU
		Release|Any CPU = Release|Any CPU
	EndGlobalSection
	GlobalSection(ProjectConfigurationPlatforms) = postSolution
		{6E98D860-531E-4BF0-91F8-70D569D18A44}.Debug|Any CPU.ActiveCfg = Debug|Any CPU
		{6E98D860-531E-4BF0-91F8-70D569D18A44}.Debug|Any CPU.Build.0 = Debug|Any CPU
		{6E98D860-531E-4BF0-91F8-70D569D18A44}.Release|Any CPU.ActiveCfg = Release|Any CPU
		{6E98D860-531E-4BF0-91F8-70D569D18A44}.Release|Any CPU.Build.0 = Release|Any CPU
	EndGlobalSection
	GlobalSection(SolutionProperties) = preSolution
		HideSolutionNode = FALSE
	EndGlobalSection
	GlobalSection(ExtensibilityGlobals) = postSolution
		SolutionGuid = {540B1115-A030-407B-BC5A-C8E3B8D8CB1E}
	EndGlobalSection
EndGlobal
